Microsoft Visual Studio Solution File, Format Version 12.00
# Visual Studio Version 17
VisualStudioVersion = 17.8.0.0
MinimumVisualStudioVersion = 17.8.0.0
Project("{9A19103F-16F7-4668-BE54-9A1E7A4F7556}") = "Workflow.AppHost", "Workflow.AppHost\Workflow.AppHost.csproj", "{6FA7DB44-6FA8-4959-97CD-97133A844304}"
EndProject
Project("{9A19103F-16F7-4668-BE54-9A1E7A4F7556}") = "Workflow.ServiceDefaults", "Workflow.ServiceDefaults\Workflow.ServiceDefaults.csproj", "{3374379A-B6CA-4376-8121-6E5941659542}"
EndProject
Project("{9A19103F-16F7-4668-BE54-9A1E7A4F7556}") = "Workflow.ApiService", "Workflow.ApiService\Workflow.ApiService.csproj", "{31F31F77-9F43-496F-9047-548BCECD547C}"
EndProject
Project("{9A19103F-16F7-4668-BE54-9A1E7A4F7556}") = "Workflow.Tests", "Workflow.Tests\Workflow.Tests.csproj", "{DA25B416-6591-49A5-8DD3-3088BD33632B}"
EndProject
Project("{9A19103F-16F7-4668-BE54-9A1E7A4F7556}") = "Workflow.Web", "Workflow.Web\Workflow.Web.csproj", "{464A8F7C-FD05-43FB-B282-E5294B160F6A}"
EndProject
Global
	GlobalSection(SolutionConfigurationPlatforms) = preSolution
		Debug|Any CPU = Debug|Any CPU
		Release|Any CPU = Release|Any CPU
	EndGlobalSection
	GlobalSection(ProjectConfigurationPlatforms) = postSolution
		{6FA7DB44-6FA8-4959-97CD-97133A844304}.Debug|Any CPU.ActiveCfg = Debug|Any CPU
		{6FA7DB44-6FA8-4959-97CD-97133A844304}.Debug|Any CPU.Build.0 = Debug|Any CPU
		{6FA7DB44-6FA8-4959-97CD-97133A844304}.Release|Any CPU.ActiveCfg = Release|Any CPU
		{6FA7DB44-6FA8-4959-97CD-97133A844304}.Release|Any CPU.Build.0 = Release|Any CPU
		{3374379A-B6CA-4376-8121-6E5941659542}.Debug|Any CPU.ActiveCfg = Debug|Any CPU
		{3374379A-B6CA-4376-8121-6E5941659542}.Debug|Any CPU.Build.0 = Debug|Any CPU
		{3374379A-B6CA-4376-8121-6E5941659542}.Release|Any CPU.ActiveCfg = Release|Any CPU
		{3374379A-B6CA-4376-8121-6E5941659542}.Release|Any CPU.Build.0 = Release|Any CPU
		{31F31F77-9F43-496F-9047-548BCECD547C}.Debug|Any CPU.ActiveCfg = Debug|Any CPU
		{31F31F77-9F43-496F-9047-548BCECD547C}.Debug|Any CPU.Build.0 = Debug|Any CPU
		{31F31F77-9F43-496F-9047-548BCECD547C}.Release|Any CPU.ActiveCfg = Release|Any CPU
		{31F31F77-9F43-496F-9047-548BCECD547C}.Release|Any CPU.Build.0 = Release|Any CPU
		{DA25B416-6591-49A5-8DD3-3088BD33632B}.Debug|Any CPU.ActiveCfg = Debug|Any CPU
		{DA25B416-6591-49A5-8DD3-3088BD33632B}.Debug|Any CPU.Build.0 = Debug|Any CPU
		{DA25B416-6591-49A5-8DD3-3088BD33632B}.Release|Any CPU.ActiveCfg = Release|Any CPU
		{DA25B416-6591-49A5-8DD3-3088BD33632B}.Release|Any CPU.Build.0 = Release|Any CPU
		{464A8F7C-FD05-43FB-B282-E5294B160F6A}.Debug|Any CPU.ActiveCfg = Debug|Any CPU
		{464A8F7C-FD05-43FB-B282-E5294B160F6A}.Debug|Any CPU.Build.0 = Debug|Any CPU
		{464A8F7C-FD05-43FB-B282-E5294B160F6A}.Release|Any CPU.ActiveCfg = Release|Any CPU
		{464A8F7C-FD05-43FB-B282-E5294B160F6A}.Release|Any CPU.Build.0 = Release|Any CPU
	EndGlobalSection
	GlobalSection(SolutionProperties) = preSolution
		HideSolutionNode = FALSE
	EndGlobalSection
	GlobalSection(ExtensibilityGlobals) = postSolution
		SolutionGuid = {62AD4528-AC62-4E33-A960-2BD356FF0D99}
	EndGlobalSection
EndGlobal
